
Microsoft Visual Studio Solution File, Format Version 12.00
Project("{FAE04EC0-301F-11D3-BF4B-00C04F79EFBC}") = "Hms.Service", "Hms.Service\Hms.Service.csproj", "{EB823ECA-4592-4C56-B72E-348CC7847787}"
EndProject
Project("{2150E333-8FDC-42A3-9474-1A3956D46DE8}") = "Solution Items", "Solution Items", "{5610DD14-CC2B-4547-AE8A-EA05DFED5C7F}"
	ProjectSection(SolutionItems) = preProject
		compose.yaml = compose.yaml
	EndProjectSection
EndProject
Project("{FAE04EC0-301F-11D3-BF4B-00C04F79EFBC}") = "Hms.User", "Hms.User\Hms.User.csproj", "{FF612763-3EE5-4B84-AF4A-DAF144F3CA1D}"
EndProject
Project("{FAE04EC0-301F-11D3-BF4B-00C04F79EFBC}") = "Hms.Common", "Hms.Common\Hms.Common.csproj", "{05F73058-28FF-4269-9D80-46272C48CBAB}"
EndProject
Global
	GlobalSection(SolutionConfigurationPlatforms) = preSolution
		Debug|Any CPU = Debug|Any CPU
		Release|Any CPU = Release|Any CPU
	EndGlobalSection
	GlobalSection(ProjectConfigurationPlatforms) = postSolution
		{EB823ECA-4592-4C56-B72E-348CC7847787}.Debug|Any CPU.ActiveCfg = Debug|Any CPU
		{EB823ECA-4592-4C56-B72E-348CC7847787}.Debug|Any CPU.Build.0 = Debug|Any CPU
		{EB823ECA-4592-4C56-B72E-348CC7847787}.Release|Any CPU.ActiveCfg = Release|Any CPU
		{EB823ECA-4592-4C56-B72E-348CC7847787}.Release|Any CPU.Build.0 = Release|Any CPU
		{FF612763-3EE5-4B84-AF4A-DAF144F3CA1D}.Debug|Any CPU.ActiveCfg = Debug|Any CPU
		{FF612763-3EE5-4B84-AF4A-DAF144F3CA1D}.Debug|Any CPU.Build.0 = Debug|Any CPU
		{FF612763-3EE5-4B84-AF4A-DAF144F3CA1D}.Release|Any CPU.ActiveCfg = Release|Any CPU
		{FF612763-3EE5-4B84-AF4A-DAF144F3CA1D}.Release|Any CPU.Build.0 = Release|Any CPU
		{05F73058-28FF-4269-9D80-46272C48CBAB}.Debug|Any CPU.ActiveCfg = Debug|Any CPU
		{05F73058-28FF-4269-9D80-46272C48CBAB}.Debug|Any CPU.Build.0 = Debug|Any CPU
		{05F73058-28FF-4269-9D80-46272C48CBAB}.Release|Any CPU.ActiveCfg = Release|Any CPU
		{05F73058-28FF-4269-9D80-46272C48CBAB}.Release|Any CPU.Build.0 = Release|Any CPU
	EndGlobalSection
EndGlobal
